
Microsoft Visual Studio Solution File, Format Version 12.00
# Visual Studio Version 16
VisualStudioVersion = 16.0.31515.178
MinimumVisualStudioVersion = 10.0.40219.1
Project("{FAE04EC0-301F-11D3-BF4B-00C04F79EFBC}") = "Day-9-EmployeeWage", "Day-9-EmployeeWage\Day-9-EmployeeWage.csproj", "{6A0C4A28-BA8C-4274-B2AA-2A74BCD7EB9B}"
EndProject
Global
	GlobalSection(SolutionConfigurationPlatforms) = preSolution
		Debug|Any CPU = Debug|Any CPU
		Release|Any CPU = Release|Any CPU
	EndGlobalSection
	GlobalSection(ProjectConfigurationPlatforms) = postSolution
		{6A0C4A28-BA8C-4274-B2AA-2A74BCD7EB9B}.Debug|Any CPU.ActiveCfg = Debug|Any CPU
		{6A0C4A28-BA8C-4274-B2AA-2A74BCD7EB9B}.Debug|Any CPU.Build.0 = Debug|Any CPU
		{6A0C4A28-BA8C-4274-B2AA-2A74BCD7EB9B}.Release|Any CPU.ActiveCfg = Release|Any CPU
		{6A0C4A28-BA8C-4274-B2AA-2A74BCD7EB9B}.Release|Any CPU.Build.0 = Release|Any CPU
	EndGlobalSection
	GlobalSection(SolutionProperties) = preSolution
		HideSolutionNode = FALSE
	EndGlobalSection
	GlobalSection(ExtensibilityGlobals) = postSolution
		SolutionGuid = {16AA4DEC-1EFC-486A-A5E9-46C3EAD5C3D9}
	EndGlobalSection
EndGlobal
